PODS:
  - FlutterAppSDK (1.0.0)
  - FlutterPluginsSDK (1.0.0)
  - FlutterSDK (1.0.0)

DEPENDENCIES:
  - "FlutterAppSDK (from `git@github.com:linyoumu/RemoteFlutterAppXCFrameworks.git`, tag `1.0.0`)"
  - "FlutterPluginsSDK (from `git@github.com:linyoumu/RemoteFlutterPluginXCFrameworks.git`, tag `1.0.0`)"
  - "FlutterSDK (from `git@github.com:linyoumu/RemoteFlutterXCFrameworks.git`, tag `1.0.0`)"

EXTERNAL SOURCES:
  FlutterAppSDK:
    :git: "git@github.com:linyoumu/RemoteFlutterAppXCFrameworks.git"
    :tag: 1.0.0
  FlutterPluginsSDK:
    :git: "git@github.com:linyoumu/RemoteFlutterPluginXCFrameworks.git"
    :tag: 1.0.0
  FlutterSDK:
    :git: "git@github.com:linyoumu/RemoteFlutterXCFrameworks.git"
    :tag: 1.0.0

CHECKOUT OPTIONS:
  FlutterAppSDK:
    :git: "git@github.com:linyoumu/RemoteFlutterAppXCFrameworks.git"
    :tag: 1.0.0
  FlutterPluginsSDK:
    :git: "git@github.com:linyoumu/RemoteFlutterPluginXCFrameworks.git"
    :tag: 1.0.0
  FlutterSDK:
    :git: "git@github.com:linyoumu/RemoteFlutterXCFrameworks.git"
    :tag: 1.0.0

SPEC CHECKSUMS:
  FlutterAppSDK: 29b0dfe4853a7e03568aa05ec01e9ff8e06cc35e
  FlutterPluginsSDK: 9c4b440fbce6dd6fb33b33b974025818e70dde42
  FlutterSDK: 2ab204bf2388107653abb36a2fc986c78fd51a7e

PODFILE CHECKSUM: 39b5e2c1f61a4568206addc5d3a6b214c13fcac1

COCOAPODS: 1.16.2
