PODS:
  - Flutter (1.0.0)
  - flutter_boost (0.0.2):
    - Flutter
  - FlutterPluginRegistrant (0.0.1):
    - Flutter
    - flutter_boost

DEPENDENCIES:
  - Flutter (from `../flutter_module/.ios/Flutter`)
  - flutter_boost (from `../flutter_module/.ios/.symlinks/plugins/flutter_boost/ios`)
  - FlutterPluginRegistrant (from `../flutter_module/.ios/Flutter/FlutterPluginRegistrant`)

EXTERNAL SOURCES:
  Flutter:
    :path: "../flutter_module/.ios/Flutter"
  flutter_boost:
    :path: "../flutter_module/.ios/.symlinks/plugins/flutter_boost/ios"
  FlutterPluginRegistrant:
    :path: "../flutter_module/.ios/Flutter/FlutterPluginRegistrant"

SPEC CHECKSUMS:
  Flutter: e0871f40cf51350855a761d2e70bf5af5b9b5de7
  flutter_boost: 35d7aaeeba2a591a34841e776e2f76912efc85f1
  FlutterPluginRegistrant: 394226c6f517efccb49c56b9863149ee302708c3

PODFILE CHECKSUM: 8efd4b6942e7e5af3dc11a83746533ab10405166

COCOAPODS: 1.16.2
